<?xml version="1.0" encoding="UTF-8"?>
<CONFIG>
  <ProjectOptions>
    <Version Value="12"/>
    <General>
      <Flags>
        <MainUnitHasCreateFormStatements Value="False"/>
        <MainUnitHasTitleStatement Value="False"/>
        <MainUnitHasScaledStatement Value="False"/>
      </Flags>
      <SessionStorage Value="InProjectDir"/>
      <Title Value="kings"/>
      <UseAppBundle Value="False"/>
      <ResourceType Value="res"/>
    </General>
    <VersionInfo>
      <UseVersionInfo Value="True"/>
    </VersionInfo>
    <BuildModes>
      <Item Name="Default" Default="True"/>
    </BuildModes>
    <PublishOptions>
      <Version Value="2"/>
      <UseFileFilters Value="True"/>
    </PublishOptions>
    <RunParams>
      <FormatVersion Value="2"/>
    </RunParams>
    <Units>
      <Unit>
        <Filename Value="kings.lpr"/>
        <IsPartOfProject Value="True"/>
      </Unit>
      <Unit>
        <Filename Value="vulkan.pas"/>
        <IsPartOfProject Value="True"/>
        <UnitName Value="Vulkan"/>
      </Unit>
      <Unit>
        <Filename Value="cli.pas"/>
        <IsPartOfProject Value="True"/>
        <UnitName Value="CLI"/>
      </Unit>
      <Unit>
        <Filename Value="bytecode.pas"/>
        <IsPartOfProject Value="True"/>
        <UnitName Value="Bytecode"/>
      </Unit>
      <Unit>
        <Filename Value="testbytecode.pas"/>
        <IsPartOfProject Value="True"/>
        <UnitName Value="TestBytecode"/>
      </Unit>
      <Unit>
        <Filename Value="testrunner.pas"/>
        <IsPartOfProject Value="True"/>
        <UnitName Value="TestRunner"/>
      </Unit>
      <Unit>
        <Filename Value="kayteparser.pas"/>
        <IsPartOfProject Value="True"/>
        <UnitName Value="KayteParser"/>
      </Unit>
      <Unit>
        <Filename Value="virtualmachine.pas"/>
        <IsPartOfProject Value="True"/>
        <UnitName Value="VirtualMachine"/>
      </Unit>
      <Unit>
        <Filename Value="xmlparser.pas"/>
        <IsPartOfProject Value="True"/>
        <UnitName Value="XMLParser"/>
      </Unit>
    </Units>
  </ProjectOptions>
  <CompilerOptions>
    <Version Value="11"/>
    <Target>
      <Filename Value="kings"/>
    </Target>
    <SearchPaths>
      <IncludeFiles Value="$(ProjOutDir)"/>
      <UnitOutputDirectory Value="lib/$(TargetCPU)-$(TargetOS)"/>
    </SearchPaths>
  </CompilerOptions>
  <Debugging>
    <Exceptions>
      <Item>
        <Name Value="EAbort"/>
      </Item>
      <Item>
        <Name Value="ECodetoolError"/>
      </Item>
      <Item>
        <Name Value="EFOpenError"/>
      </Item>
    </Exceptions>
  </Debugging>
</CONFIG>
